
Microsoft Visual Studio Solution File, Format Version 12.00
# Visual Studio Version 17
VisualStudioVersion = 17.10.35027.167
MinimumVisualStudioVersion = 10.0.40219.1
Project("{FAE04EC0-301F-11D3-BF4B-00C04F79EFBC}") = "BookRental.Api", "BookRental.Api\BookRental.Api.csproj", "{B09F2952-15E7-4D9F-88D6-39C39C6B95DB}"
EndProject
Project("{FAE04EC0-301F-11D3-BF4B-00C04F79EFBC}") = "BookRental.Application", "BookRental.Application\BookRental.Application.csproj", "{82FAC291-6ACD-4F69-8042-D85D7E0EF0ED}"
EndProject
Project("{FAE04EC0-301F-11D3-BF4B-00C04F79EFBC}") = "BookRental.Domain", "BookRental.Domain\BookRental.Domain.csproj", "{2AB8B573-DFE0-4487-918D-B83D1BA7EDF3}"
EndProject
Project("{FAE04EC0-301F-11D3-BF4B-00C04F79EFBC}") = "BookRental.Infrastructure", "BookRental.Infrastructure\BookRental.Infrastructure.csproj", "{12E88BF4-45FC-4AE6-9998-76EE2A3B28A8}"
EndProject
Project("{FAE04EC0-301F-11D3-BF4B-00C04F79EFBC}") = "BookRental.Tests", "BookRental.Tests\BookRental.Tests.csproj", "{C80A1BD3-368D-477B-9D25-164528E56C86}"
EndProject
Global
	GlobalSection(SolutionConfigurationPlatforms) = preSolution
		Debug|Any CPU = Debug|Any CPU
		Release|Any CPU = Release|Any CPU
	EndGlobalSection
	GlobalSection(ProjectConfigurationPlatforms) = postSolution
		{B09F2952-15E7-4D9F-88D6-39C39C6B95DB}.Debug|Any CPU.ActiveCfg = Debug|Any CPU
		{B09F2952-15E7-4D9F-88D6-39C39C6B95DB}.Debug|Any CPU.Build.0 = Debug|Any CPU
		{B09F2952-15E7-4D9F-88D6-39C39C6B95DB}.Release|Any CPU.ActiveCfg = Release|Any CPU
		{B09F2952-15E7-4D9F-88D6-39C39C6B95DB}.Release|Any CPU.Build.0 = Release|Any CPU
		{82FAC291-6ACD-4F69-8042-D85D7E0EF0ED}.Debug|Any CPU.ActiveCfg = Debug|Any CPU
		{82FAC291-6ACD-4F69-8042-D85D7E0EF0ED}.Debug|Any CPU.Build.0 = Debug|Any CPU
		{82FAC291-6ACD-4F69-8042-D85D7E0EF0ED}.Release|Any CPU.ActiveCfg = Release|Any CPU
		{82FAC291-6ACD-4F69-8042-D85D7E0EF0ED}.Release|Any CPU.Build.0 = Release|Any CPU
		{2AB8B573-DFE0-4487-918D-B83D1BA7EDF3}.Debug|Any CPU.ActiveCfg = Debug|Any CPU
		{2AB8B573-DFE0-4487-918D-B83D1BA7EDF3}.Debug|Any CPU.Build.0 = Debug|Any CPU
		{2AB8B573-DFE0-4487-918D-B83D1BA7EDF3}.Release|Any CPU.ActiveCfg = Release|Any CPU
		{2AB8B573-DFE0-4487-918D-B83D1BA7EDF3}.Release|Any CPU.Build.0 = Release|Any CPU
		{12E88BF4-45FC-4AE6-9998-76EE2A3B28A8}.Debug|Any CPU.ActiveCfg = Debug|Any CPU
		{12E88BF4-45FC-4AE6-9998-76EE2A3B28A8}.Debug|Any CPU.Build.0 = Debug|Any CPU
		{12E88BF4-45FC-4AE6-9998-76EE2A3B28A8}.Release|Any CPU.ActiveCfg = Release|Any CPU
		{12E88BF4-45FC-4AE6-9998-76EE2A3B28A8}.Release|Any CPU.Build.0 = Release|Any CPU
		{C80A1BD3-368D-477B-9D25-164528E56C86}.Debug|Any CPU.ActiveCfg = Debug|Any CPU
		{C80A1BD3-368D-477B-9D25-164528E56C86}.Debug|Any CPU.Build.0 = Debug|Any CPU
		{C80A1BD3-368D-477B-9D25-164528E56C86}.Release|Any CPU.ActiveCfg = Release|Any CPU
		{C80A1BD3-368D-477B-9D25-164528E56C86}.Release|Any CPU.Build.0 = Release|Any CPU
	EndGlobalSection
	GlobalSection(SolutionProperties) = preSolution
		HideSolutionNode = FALSE
	EndGlobalSection
	GlobalSection(ExtensibilityGlobals) = postSolution
		SolutionGuid = {241B040C-2528-4484-B8BE-D9ECC049071D}
	EndGlobalSection
EndGlobal
